// !$*UTF8*$!
{
	archiveVersion = 1;
	classes = {
	};
	objectVersion = 45;
	objects = {

/* Begin PBXBuildFile section */
		141F6698160E3B54002BBCCC /* routs.plist in Resources */ = {isa = PBXBuildFile; fileRef = 141F6697160E3B54002BBCCC /* routs.plist */; };
		141F669A160E3BBD002BBCCC /* fells_loop.gpx in Resources */ = {isa = PBXBuildFile; fileRef = 141F6699160E3BBD002BBCCC /* fells_loop.gpx */; };
		146BBF8D160DE149004CCE02 /* ResultViewController.m in Sources */ = {isa = PBXBuildFile; fileRef = 146BBF8B160DE148004CCE02 /* ResultViewController.m */; };
		146BBF9C160DE410004CCE02 /* GCRetractableSectionController.m in Sources */ = {isa = PBXBuildFile; fileRef = 146BBF92160DE410004CCE02 /* GCRetractableSectionController.m */; };
		146BBF9D160DE410004CCE02 /* DownAccessory.png in Resources */ = {isa = PBXBuildFile; fileRef = 146BBF94160DE410004CCE02 /* DownAccessory.png */; };
		146BBF9E160DE410004CCE02 /* DownAccessory@2x.png in Resources */ = {isa = PBXBuildFile; fileRef = 146BBF95160DE410004CCE02 /* DownAccessory@2x.png */; };
		146BBF9F160DE410004CCE02 /* DownAccessoryWhite.png in Resources */ = {isa = PBXBuildFile; fileRef = 146BBF96160DE410004CCE02 /* DownAccessoryWhite.png */; };
		146BBFA0160DE410004CCE02 /* DownAccessoryWhite@2x.png in Resources */ = {isa = PBXBuildFile; fileRef = 146BBF97160DE410004CCE02 /* DownAccessoryWhite@2x.png */; };
		146BBFA1160DE410004CCE02 /* UpAccessory.png in Resources */ = {isa = PBXBuildFile; fileRef = 146BBF98160DE410004CCE02 /* UpAccessory.png */; };
		146BBFA2160DE410004CCE02 /* UpAccessory@2x.png in Resources */ = {isa = PBXBuildFile; fileRef = 146BBF99160DE410004CCE02 /* UpAccessory@2x.png */; };
		146BBFA3160DE410004CCE02 /* UpAccessoryWhite.png in Resources */ = {isa = PBXBuildFile; fileRef = 146BBF9A160DE410004CCE02 /* UpAccessoryWhite.png */; };
		146BBFA4160DE410004CCE02 /* UpAccessoryWhite@2x.png in Resources */ = {isa = PBXBuildFile; fileRef = 146BBF9B160DE410004CCE02 /* UpAccessoryWhite@2x.png */; };
		146BBFAA160DFBB8004CCE02 /* ResultViewController.xib in Resources */ = {isa = PBXBuildFile; fileRef = 146BBFA9160DFBB8004CCE02 /* ResultViewController.xib */; };
		146BBFB3160DFD5E004CCE02 /* GCArraySectionController.m in Sources */ = {isa = PBXBuildFile; fileRef = 146BBFAE160DFD5E004CCE02 /* GCArraySectionController.m */; };
		146BBFB4160DFD5E004CCE02 /* GCEmptySectionController.m in Sources */ = {isa = PBXBuildFile; fileRef = 146BBFB1160DFD5E004CCE02 /* GCEmptySectionController.m */; };
		146BBFB7160DFD68004CCE02 /* GCCustomSectionController.m in Sources */ = {isa = PBXBuildFile; fileRef = 146BBFB5160DFD68004CCE02 /* GCCustomSectionController.m */; };
		146BBFB8160DFD68004CCE02 /* GCSimpleSectionController.m in Sources */ = {isa = PBXBuildFile; fileRef = 146BBFB6160DFD68004CCE02 /* GCSimpleSectionController.m */; };
		1D3623260D0F684500981E51 /* MapAppDelegate.m in Sources */ = {isa = PBXBuildFile; fileRef = 1D3623250D0F684500981E51 /* MapAppDelegate.m */; };
		1D60589B0D05DD56006BFB54 /* main.m in Sources */ = {isa = PBXBuildFile; fileRef = 29B97316FDCFA39411CA2CEA /* main.m */; };
		1D60589F0D05DD5A006BFB54 /* Foundation.framework in Frameworks */ = {isa = PBXBuildFile; fileRef = 1D30AB110D05D00D00671497 /* Foundation.framework */; };
		1DF5F4E00D08C38300B7A737 /* UIKit.framework in Frameworks */ = {isa = PBXBuildFile; fileRef = 1DF5F4DF0D08C38300B7A737 /* UIKit.framework */; };
		288765A50DF7441C002DB57D /* CoreGraphics.framework in Frameworks */ = {isa = PBXBuildFile; fileRef = 288765A40DF7441C002DB57D /* CoreGraphics.framework */; };
		2899E5220DE3E06400AC0155 /* RouteViewController.xib in Resources */ = {isa = PBXBuildFile; fileRef = 2899E5210DE3E06400AC0155 /* RouteViewController.xib */; };
		28D7ACF80DDB3853001CB0EB /* RouteViewController.m in Sources */ = {isa = PBXBuildFile; fileRef = 28D7ACF70DDB3853001CB0EB /* RouteViewController.m */; };
		4882179B162F278000811368 /* SofiaGoAPI.m in Sources */ = {isa = PBXBuildFile; fileRef = 4882179A162F278000811368 /* SofiaGoAPI.m */; };
		48C458B9163832CC008DBB3F /* SGStation.m in Sources */ = {isa = PBXBuildFile; fileRef = 48C458B8163832CC008DBB3F /* SGStation.m */; };
		48C458BD16383560008DBB3F /* SGLine.m in Sources */ = {isa = PBXBuildFile; fileRef = 48C458BC16383560008DBB3F /* SGLine.m */; };
		5E53A269160E747500AFAAE9 /* ChooseOptionVC.m in Sources */ = {isa = PBXBuildFile; fileRef = 5E53A267160E747500AFAAE9 /* ChooseOptionVC.m */; };
		5E53A26A160E747500AFAAE9 /* ChooseOptionVC.xib in Resources */ = {isa = PBXBuildFile; fileRef = 5E53A268160E747500AFAAE9 /* ChooseOptionVC.xib */; };
		5E53A27F160E8E7900AFAAE9 /* back@x2.png in Resources */ = {isa = PBXBuildFile; fileRef = 5E53A271160E8E7900AFAAE9 /* back@x2.png */; };
		5E53A280160E8E7900AFAAE9 /* go@2x.png in Resources */ = {isa = PBXBuildFile; fileRef = 5E53A272160E8E7900AFAAE9 /* go@2x.png */; };
		5E53A281160E8E7900AFAAE9 /* go_high@2x.png in Resources */ = {isa = PBXBuildFile; fileRef = 5E53A273160E8E7900AFAAE9 /* go_high@2x.png */; };
		5E53A282160E8E7900AFAAE9 /* logo@2x.png in Resources */ = {isa = PBXBuildFile; fileRef = 5E53A274160E8E7900AFAAE9 /* logo@2x.png */; };
		5E53A283160E8E7900AFAAE9 /* pin-button.png in Resources */ = {isa = PBXBuildFile; fileRef = 5E53A275160E8E7900AFAAE9 /* pin-button.png */; };
		5E53A284160E8E7900AFAAE9 /* position1@2x.png in Resources */ = {isa = PBXBuildFile; fileRef = 5E53A276160E8E7900AFAAE9 /* position1@2x.png */; };
		5E53A285160E8E7900AFAAE9 /* position1_high@2x.png in Resources */ = {isa = PBXBuildFile; fileRef = 5E53A277160E8E7900AFAAE9 /* position1_high@2x.png */; };
		5E53A286160E8E7900AFAAE9 /* position2@2x.png in Resources */ = {isa = PBXBuildFile; fileRef = 5E53A278160E8E7900AFAAE9 /* position2@2x.png */; };
		5E53A287160E8E7900AFAAE9 /* position2_high@2x.png in Resources */ = {isa = PBXBuildFile; fileRef = 5E53A279160E8E7900AFAAE9 /* position2_high@2x.png */; };
		5E53A288160E8E7900AFAAE9 /* ViewMap@2x.png in Resources */ = {isa = PBXBuildFile; fileRef = 5E53A27A160E8E7900AFAAE9 /* ViewMap@2x.png */; };
		5E53A289160E8E7900AFAAE9 /* mainPage@2x.png in Resources */ = {isa = PBXBuildFile; fileRef = 5E53A27B160E8E7900AFAAE9 /* mainPage@2x.png */; };
		5E53A28A160E8E7900AFAAE9 /* detailRoute@2x.png in Resources */ = {isa = PBXBuildFile; fileRef = 5E53A27C160E8E7900AFAAE9 /* detailRoute@2x.png */; };
		5E53A28B160E8E7900AFAAE9 /* mainBg@2x.png in Resources */ = {isa = PBXBuildFile; fileRef = 5E53A27D160E8E7900AFAAE9 /* mainBg@2x.png */; };
		5E53A28C160E8E7900AFAAE9 /* Defaut@2x.png in Resources */ = {isa = PBXBuildFile; fileRef = 5E53A27E160E8E7900AFAAE9 /* Defaut@2x.png */; };
		5E53A28F160EA4B300AFAAE9 /* StorageObject.m in Sources */ = {isa = PBXBuildFile; fileRef = 5E53A28E160EA4B300AFAAE9 /* StorageObject.m */; };
		5E53A29C160EAAE300AFAAE9 /* DetailcVC.m in Sources */ = {isa = PBXBuildFile; fileRef = 5E53A29A160EAAE300AFAAE9 /* DetailcVC.m */; };
		5E53A29D160EAAE300AFAAE9 /* DetailsVC.xib in Resources */ = {isa = PBXBuildFile; fileRef = 5E53A29B160EAAE300AFAAE9 /* DetailsVC.xib */; };
		72237DF71429B23200257B9A /* MapAnnotation.m in Sources */ = {isa = PBXBuildFile; fileRef = 72237DF61429B23200257B9A /* MapAnnotation.m */; };
		727C7ABD143323EE00A5E466 /* CheckPointViewController.m in Sources */ = {isa = PBXBuildFile; fileRef = 727C7ABB143323EE00A5E466 /* CheckPointViewController.m */; };
		727C7ABE143323EE00A5E466 /* SBCheckPoints.xib in Resources */ = {isa = PBXBuildFile; fileRef = 727C7ABC143323EE00A5E466 /* SBCheckPoints.xib */; };
		727C7C3D14334E2D00A5E466 /* JSONKit.m in Sources */ = {isa = PBXBuildFile; fileRef = 727C7C3C14334E2D00A5E466 /* JSONKit.m */; };
		727E1F35142B04F00048DE8D /* UICGCheckPoint.m in Sources */ = {isa = PBXBuildFile; fileRef = 727E1F34142B04F00048DE8D /* UICGCheckPoint.m */; };
		72AA5C311431A90B00301788 /* UICGRoutes.m in Sources */ = {isa = PBXBuildFile; fileRef = 72AA5C301431A90B00301788 /* UICGRoutes.m */; };
		72D7844A14220F23009B96E5 /* NSObject+SBJSON.m in Sources */ = {isa = PBXBuildFile; fileRef = 72D7843F14220F23009B96E5 /* NSObject+SBJSON.m */; };
		72D7844B14220F23009B96E5 /* NSString+SBJSON.m in Sources */ = {isa = PBXBuildFile; fileRef = 72D7844114220F23009B96E5 /* NSString+SBJSON.m */; };
		72D7844C14220F23009B96E5 /* SBJSON.m in Sources */ = {isa = PBXBuildFile; fileRef = 72D7844314220F23009B96E5 /* SBJSON.m */; };
		72D7844D14220F23009B96E5 /* SBJsonBase.m in Sources */ = {isa = PBXBuildFile; fileRef = 72D7844514220F23009B96E5 /* SBJsonBase.m */; };
		72D7844E14220F23009B96E5 /* SBJsonParser.m in Sources */ = {isa = PBXBuildFile; fileRef = 72D7844714220F23009B96E5 /* SBJsonParser.m */; };
		72D7844F14220F23009B96E5 /* SBJsonWriter.m in Sources */ = {isa = PBXBuildFile; fileRef = 72D7844914220F23009B96E5 /* SBJsonWriter.m */; };
		72D7846514220F8F009B96E5 /* UICGDirections.m in Sources */ = {isa = PBXBuildFile; fileRef = 72D7845914220F8F009B96E5 /* UICGDirections.m */; };
		72D7846614220F8F009B96E5 /* UICGDirectionsOptions.m in Sources */ = {isa = PBXBuildFile; fileRef = 72D7845B14220F8F009B96E5 /* UICGDirectionsOptions.m */; };
		72D7846714220F8F009B96E5 /* UICGoogleMapsAPI.m in Sources */ = {isa = PBXBuildFile; fileRef = 72D7845D14220F8F009B96E5 /* UICGoogleMapsAPI.m */; };
		72D7846814220F8F009B96E5 /* UICGPolyline.m in Sources */ = {isa = PBXBuildFile; fileRef = 72D7845F14220F8F009B96E5 /* UICGPolyline.m */; };
		72D7846914220F8F009B96E5 /* UICGRoute.m in Sources */ = {isa = PBXBuildFile; fileRef = 72D7846114220F8F009B96E5 /* UICGRoute.m */; };
		72D784A314221087009B96E5 /* CoreLocation.framework in Frameworks */ = {isa = PBXBuildFile; fileRef = 72D784A214221087009B96E5 /* CoreLocation.framework */; };
		72D784A51422108F009B96E5 /* MapKit.framework in Frameworks */ = {isa = PBXBuildFile; fileRef = 72D784A41422108F009B96E5 /* MapKit.framework */; };
		72D784DE14221280009B96E5 /* MapViewController.m in Sources */ = {isa = PBXBuildFile; fileRef = 72D784DC14221280009B96E5 /* MapViewController.m */; };
		72D784DF14221280009B96E5 /* MapViewController.xib in Resources */ = {isa = PBXBuildFile; fileRef = 72D784DD14221280009B96E5 /* MapViewController.xib */; };
		72D7851414221574009B96E5 /* MapView.m in Sources */ = {isa = PBXBuildFile; fileRef = 72D7851314221574009B96E5 /* MapView.m */; };
		72D7853A14221803009B96E5 /* City.m in Sources */ = {isa = PBXBuildFile; fileRef = 72D7853914221803009B96E5 /* City.m */; };
		72D7862E142222AA009B96E5 /* api.html in Resources */ = {isa = PBXBuildFile; fileRef = 72D7862D142222AA009B96E5 /* api.html */; };
		72D787BF14223C66009B96E5 /* iCon.png in Resources */ = {isa = PBXBuildFile; fileRef = 72D787BE14223C66009B96E5 /* iCon.png */; };
/* End PBXBuildFile section */

/* Begin PBXFileReference section */
		141F6697160E3B54002BBCCC /* routs.plist */ = {isa = PBXFileReference; fileEncoding = 4; lastKnownFileType = text.plist.xml; path = routs.plist; sourceTree = "<group>"; };
		141F6699160E3BBD002BBCCC /* fells_loop.gpx */ = {isa = PBXFileReference; fileEncoding = 4; lastKnownFileType = text.xml; path = fells_loop.gpx; sourceTree = "<group>"; };
		146BBF8A160DE148004CCE02 /* ResultViewController.h */ = {isa = PBXFileReference; fileEncoding = 4; lastKnownFileType = sourcecode.c.h; path = ResultViewController.h; sourceTree = "<group>"; };
		146BBF8B160DE148004CCE02 /* ResultViewController.m */ = {isa = PBXFileReference; fileEncoding = 4; lastKnownFileType = sourcecode.c.objc; path = ResultViewController.m; sourceTree = "<group>"; };
		146BBF91160DE410004CCE02 /* GCRetractableSectionController.h */ = {isa = PBXFileReference; fileEncoding = 4; lastKnownFileType = sourcecode.c.h; path = GCRetractableSectionController.h; sourceTree = "<group>"; };
		146BBF92160DE410004CCE02 /* GCRetractableSectionController.m */ = {isa = PBXFileReference; fileEncoding = 4; lastKnownFileType = sourcecode.c.objc; path = GCRetractableSectionController.m; sourceTree = "<group>"; };
		146BBF94160DE410004CCE02 /* DownAccessory.png */ = {isa = PBXFileReference; lastKnownFileType = image.png; path = DownAccessory.png; sourceTree = "<group>"; };
		146BBF95160DE410004CCE02 /* DownAccessory@2x.png */ = {isa = PBXFileReference; lastKnownFileType = image.png; path = "DownAccessory@2x.png"; sourceTree = "<group>"; };
		146BBF96160DE410004CCE02 /* DownAccessoryWhite.png */ = {isa = PBXFileReference; lastKnownFileType = image.png; path = DownAccessoryWhite.png; sourceTree = "<group>"; };
		146BBF97160DE410004CCE02 /* DownAccessoryWhite@2x.png */ = {isa = PBXFileReference; lastKnownFileType = image.png; path = "DownAccessoryWhite@2x.png"; sourceTree = "<group>"; };
		146BBF98160DE410004CCE02 /* UpAccessory.png */ = {isa = PBXFileReference; lastKnownFileType = image.png; path = UpAccessory.png; sourceTree = "<group>"; };
		146BBF99160DE410004CCE02 /* UpAccessory@2x.png */ = {isa = PBXFileReference; lastKnownFileType = image.png; path = "UpAccessory@2x.png"; sourceTree = "<group>"; };
		146BBF9A160DE410004CCE02 /* UpAccessoryWhite.png */ = {isa = PBXFileReference; lastKnownFileType = image.png; path = UpAccessoryWhite.png; sourceTree = "<group>"; };
		146BBF9B160DE410004CCE02 /* UpAccessoryWhite@2x.png */ = {isa = PBXFileReference; lastKnownFileType = image.png; path = "UpAccessoryWhite@2x.png"; sourceTree = "<group>"; };
		146BBFA9160DFBB8004CCE02 /* ResultViewController.xib */ = {isa = PBXFileReference; fileEncoding = 4; lastKnownFileType = file.xib; path = ResultViewController.xib; sourceTree = "<group>"; };
		146BBFAD160DFD5E004CCE02 /* GCArraySectionController.h */ = {isa = PBXFileReference; fileEncoding = 4; lastKnownFileType = sourcecode.c.h; path = GCArraySectionController.h; sourceTree = "<group>"; };
		146BBFAE160DFD5E004CCE02 /* GCArraySectionController.m */ = {isa = PBXFileReference; fileEncoding = 4; lastKnownFileType = sourcecode.c.objc; path = GCArraySectionController.m; sourceTree = "<group>"; };
		146BBFAF160DFD5E004CCE02 /* GCCustomSectionController.h */ = {isa = PBXFileReference; fileEncoding = 4; lastKnownFileType = sourcecode.c.h; path = GCCustomSectionController.h; sourceTree = "<group>"; };
		146BBFB0160DFD5E004CCE02 /* GCEmptySectionController.h */ = {isa = PBXFileReference; fileEncoding = 4; lastKnownFileType = sourcecode.c.h; path = GCEmptySectionController.h; sourceTree = "<group>"; };
		146BBFB1160DFD5E004CCE02 /* GCEmptySectionController.m */ = {isa = PBXFileReference; fileEncoding = 4; lastKnownFileType = sourcecode.c.objc; path = GCEmptySectionController.m; sourceTree = "<group>"; };
		146BBFB2160DFD5E004CCE02 /* GCSimpleSectionController.h */ = {isa = PBXFileReference; fileEncoding = 4; lastKnownFileType = sourcecode.c.h; path = GCSimpleSectionController.h; sourceTree = "<group>"; };
		146BBFB5160DFD68004CCE02 /* GCCustomSectionController.m */ = {isa = PBXFileReference; fileEncoding = 4; lastKnownFileType = sourcecode.c.objc; path = GCCustomSectionController.m; sourceTree = "<group>"; };
		146BBFB6160DFD68004CCE02 /* GCSimpleSectionController.m */ = {isa = PBXFileReference; fileEncoding = 4; lastKnownFileType = sourcecode.c.objc; path = GCSimpleSectionController.m; sourceTree = "<group>"; };
		1D30AB110D05D00D00671497 /* Foundation.framework */ = {isa = PBXFileReference; lastKnownFileType = wrapper.framework; name = Foundation.framework; path = System/Library/Frameworks/Foundation.framework; sourceTree = SDKROOT; };
		1D3623240D0F684500981E51 /* MapAppDelegate.h */ = {isa = PBXFileReference; fileEncoding = 4; lastKnownFileType = sourcecode.c.h; path = MapAppDelegate.h; sourceTree = "<group>"; };
		1D3623250D0F684500981E51 /* MapAppDelegate.m */ = {isa = PBXFileReference; fileEncoding = 4; lastKnownFileType = sourcecode.c.objc; path = MapAppDelegate.m; sourceTree = "<group>"; };
		1D6058910D05DD3D006BFB54 /* SBMapWithRoute.app */ = {isa = PBXFileReference; explicitFileType = wrapper.application; includeInIndex = 0; path = SBMapWithRoute.app; sourceTree = BUILT_PRODUCTS_DIR; };
		1DF5F4DF0D08C38300B7A737 /* UIKit.framework */ = {isa = PBXFileReference; lastKnownFileType = wrapper.framework; name = UIKit.framework; path = System/Library/Frameworks/UIKit.framework; sourceTree = SDKROOT; };
		288765A40DF7441C002DB57D /* CoreGraphics.framework */ = {isa = PBXFileReference; lastKnownFileType = wrapper.framework; name = CoreGraphics.framework; path = System/Library/Frameworks/CoreGraphics.framework; sourceTree = SDKROOT; };
		2899E5210DE3E06400AC0155 /* RouteViewController.xib */ = {isa = PBXFileReference; lastKnownFileType = file.xib; path = RouteViewController.xib; sourceTree = "<group>"; };
		28D7ACF60DDB3853001CB0EB /* RouteViewController.h */ = {isa = PBXFileReference; fileEncoding = 4; lastKnownFileType = sourcecode.c.h; path = RouteViewController.h; sourceTree = "<group>"; };
		28D7ACF70DDB3853001CB0EB /* RouteViewController.m */ = {isa = PBXFileReference; fileEncoding = 4; lastKnownFileType = sourcecode.c.objc; path = RouteViewController.m; sourceTree = "<group>"; };
		29B97316FDCFA39411CA2CEA /* main.m */ = {isa = PBXFileReference; fileEncoding = 4; lastKnownFileType = sourcecode.c.objc; path = main.m; sourceTree = "<group>"; };
		32CA4F630368D1EE00C91783 /* SBMapWithRoute_Prefix.pch */ = {isa = PBXFileReference; fileEncoding = 4; lastKnownFileType = sourcecode.c.h; path = SBMapWithRoute_Prefix.pch; sourceTree = "<group>"; };
		48821799162F278000811368 /* SofiaGoAPI.h */ = {isa = PBXFileReference; fileEncoding = 4; lastKnownFileType = sourcecode.c.h; name = SofiaGoAPI.h; path = API/SofiaGoAPI.h; sourceTree = "<group>"; };
		4882179A162F278000811368 /* SofiaGoAPI.m */ = {isa = PBXFileReference; fileEncoding = 4; lastKnownFileType = sourcecode.c.objc; name = SofiaGoAPI.m; path = API/SofiaGoAPI.m; sourceTree = "<group>"; };
		48C458B7163832CC008DBB3F /* SGStation.h */ = {isa = PBXFileReference; fileEncoding = 4; lastKnownFileType = sourcecode.c.h; name = SGStation.h; path = API/SGStation.h; sourceTree = "<group>"; };
		48C458B8163832CC008DBB3F /* SGStation.m */ = {isa = PBXFileReference; fileEncoding = 4; lastKnownFileType = sourcecode.c.objc; name = SGStation.m; path = API/SGStation.m; sourceTree = "<group>"; };
		48C458BB16383560008DBB3F /* SGLine.h */ = {isa = PBXFileReference; fileEncoding = 4; lastKnownFileType = sourcecode.c.h; name = SGLine.h; path = API/SGLine.h; sourceTree = "<group>"; };
		48C458BC16383560008DBB3F /* SGLine.m */ = {isa = PBXFileReference; fileEncoding = 4; lastKnownFileType = sourcecode.c.objc; name = SGLine.m; path = API/SGLine.m; sourceTree = "<group>"; };
		5E3FE2421613A75100B2FECE /* Consts.h */ = {isa = PBXFileReference; fileEncoding = 4; lastKnownFileType = sourcecode.c.h; path = Consts.h; sourceTree = "<group>"; };
		5E53A266160E747500AFAAE9 /* ChooseOptionVC.h */ = {isa = PBXFileReference; fileEncoding = 4; lastKnownFileType = sourcecode.c.h; path = ChooseOptionVC.h; sourceTree = "<group>"; };
		5E53A267160E747500AFAAE9 /* ChooseOptionVC.m */ = {isa = PBXFileReference; fileEncoding = 4; lastKnownFileType = sourcecode.c.objc; path = ChooseOptionVC.m; sourceTree = "<group>"; };
		5E53A268160E747500AFAAE9 /* ChooseOptionVC.xib */ = {isa = PBXFileReference; fileEncoding = 4; lastKnownFileType = file.xib; name = ChooseOptionVC.xib; path = Classes/ChooseOptionVC.xib; sourceTree = "<group>"; };
		5E53A271160E8E7900AFAAE9 /* back@x2.png */ = {isa = PBXFileReference; lastKnownFileType = image.png; path = "back@x2.png"; sourceTree = "<group>"; };
		5E53A272160E8E7900AFAAE9 /* go@2x.png */ = {isa = PBXFileReference; lastKnownFileType = image.png; path = "go@2x.png"; sourceTree = "<group>"; };
		5E53A273160E8E7900AFAAE9 /* go_high@2x.png */ = {isa = PBXFileReference; lastKnownFileType = image.png; path = "go_high@2x.png"; sourceTree = "<group>"; };
		5E53A274160E8E7900AFAAE9 /* logo@2x.png */ = {isa = PBXFileReference; lastKnownFileType = image.png; path = "logo@2x.png"; sourceTree = "<group>"; };
		5E53A275160E8E7900AFAAE9 /* pin-button.png */ = {isa = PBXFileReference; lastKnownFileType = image.png; path = "pin-button.png"; sourceTree = "<group>"; };
		5E53A276160E8E7900AFAAE9 /* position1@2x.png */ = {isa = PBXFileReference; lastKnownFileType = image.png; path = "position1@2x.png"; sourceTree = "<group>"; };
		5E53A277160E8E7900AFAAE9 /* position1_high@2x.png */ = {isa = PBXFileReference; lastKnownFileType = image.png; path = "position1_high@2x.png"; sourceTree = "<group>"; };
		5E53A278160E8E7900AFAAE9 /* position2@2x.png */ = {isa = PBXFileReference; lastKnownFileType = image.png; path = "position2@2x.png"; sourceTree = "<group>"; };
		5E53A279160E8E7900AFAAE9 /* position2_high@2x.png */ = {isa = PBXFileReference; lastKnownFileType = image.png; path = "position2_high@2x.png"; sourceTree = "<group>"; };
		5E53A27A160E8E7900AFAAE9 /* ViewMap@2x.png */ = {isa = PBXFileReference; lastKnownFileType = image.png; path = "ViewMap@2x.png"; sourceTree = "<group>"; };
		5E53A27B160E8E7900AFAAE9 /* mainPage@2x.png */ = {isa = PBXFileReference; lastKnownFileType = image.png; name = "mainPage@2x.png"; path = "Resources/mainPage@2x.png"; sourceTree = "<group>"; };
		5E53A27C160E8E7900AFAAE9 /* detailRoute@2x.png */ = {isa = PBXFileReference; lastKnownFileType = image.png; name = "detailRoute@2x.png"; path = "Resources/detailRoute@2x.png"; sourceTree = "<group>"; };
		5E53A27D160E8E7900AFAAE9 /* mainBg@2x.png */ = {isa = PBXFileReference; lastKnownFileType = image.png; name = "mainBg@2x.png"; path = "Resources/mainBg@2x.png"; sourceTree = "<group>"; };
		5E53A27E160E8E7900AFAAE9 /* Defaut@2x.png */ = {isa = PBXFileReference; lastKnownFileType = image.png; name = "Defaut@2x.png"; path = "Resources/Defaut@2x.png"; sourceTree = "<group>"; };
		5E53A28E160EA4B300AFAAE9 /* StorageObject.m */ = {isa = PBXFileReference; fileEncoding = 4; lastKnownFileType = sourcecode.c.objc; path = StorageObject.m; sourceTree = "<group>"; };
		5E53A298160EA87A00AFAAE9 /* StorageObject.h */ = {isa = PBXFileReference; lastKnownFileType = sourcecode.c.h; path = StorageObject.h; sourceTree = "<group>"; };
		5E53A299160EAAE300AFAAE9 /* DetailsVC.h */ = {isa = PBXFileReference; fileEncoding = 4; lastKnownFileType = sourcecode.c.h; path = DetailsVC.h; sourceTree = "<group>"; };
		5E53A29A160EAAE300AFAAE9 /* DetailcVC.m */ = {isa = PBXFileReference; fileEncoding = 4; lastKnownFileType = sourcecode.c.objc; path = DetailcVC.m; sourceTree = "<group>"; };
		5E53A29B160EAAE300AFAAE9 /* DetailsVC.xib */ = {isa = PBXFileReference; fileEncoding = 4; lastKnownFileType = file.xib; name = DetailsVC.xib; path = Classes/DetailsVC.xib; sourceTree = "<group>"; };
		72237DF51429B23200257B9A /* MapAnnotation.h */ = {isa = PBXFileReference; fileEncoding = 4; lastKnownFileType = sourcecode.c.h; path = MapAnnotation.h; sourceTree = "<group>"; };
		72237DF61429B23200257B9A /* MapAnnotation.m */ = {isa = PBXFileReference; fileEncoding = 4; lastKnownFileType = sourcecode.c.objc; path = MapAnnotation.m; sourceTree = "<group>"; };
		727C7ABA143323EE00A5E466 /* CheckPointViewController.h */ = {isa = PBXFileReference; fileEncoding = 4; lastKnownFileType = sourcecode.c.h; path = CheckPointViewController.h; sourceTree = "<group>"; };
		727C7ABB143323EE00A5E466 /* CheckPointViewController.m */ = {isa = PBXFileReference; fileEncoding = 4; lastKnownFileType = sourcecode.c.objc; path = CheckPointViewController.m; sourceTree = "<group>"; };
		727C7ABC143323EE00A5E466 /* SBCheckPoints.xib */ = {isa = PBXFileReference; lastKnownFileType = file.xib; name = SBCheckPoints.xib; path = Classes/SBCheckPoints.xib; sourceTree = "<group>"; };
		727C7C3B14334E2D00A5E466 /* JSONKit.h */ = {isa = PBXFileReference; fileEncoding = 4; lastKnownFileType = sourcecode.c.h; path = JSONKit.h; sourceTree = "<group>"; };
		727C7C3C14334E2D00A5E466 /* JSONKit.m */ = {isa = PBXFileReference; fileEncoding = 4; lastKnownFileType = sourcecode.c.objc; path = JSONKit.m; sourceTree = "<group>"; };
		727E1F33142B04F00048DE8D /* UICGCheckPoint.h */ = {isa = PBXFileReference; fileEncoding = 4; lastKnownFileType = sourcecode.c.h; path = UICGCheckPoint.h; sourceTree = "<group>"; };
		727E1F34142B04F00048DE8D /* UICGCheckPoint.m */ = {isa = PBXFileReference; fileEncoding = 4; lastKnownFileType = sourcecode.c.objc; path = UICGCheckPoint.m; sourceTree = "<group>"; };
		72AA5C2F1431A90B00301788 /* UICGRoutes.h */ = {isa = PBXFileReference; fileEncoding = 4; lastKnownFileType = sourcecode.c.h; path = UICGRoutes.h; sourceTree = "<group>"; };
		72AA5C301431A90B00301788 /* UICGRoutes.m */ = {isa = PBXFileReference; fileEncoding = 4; lastKnownFileType = sourcecode.c.objc; path = UICGRoutes.m; sourceTree = "<group>"; };
		72D7843D14220F23009B96E5 /* JSON.h */ = {isa = PBXFileReference; fileEncoding = 4; lastKnownFileType = sourcecode.c.h; name = JSON.h; path = Classes/JSON.h; sourceTree = SOURCE_ROOT; };
		72D7843E14220F23009B96E5 /* NSObject+SBJSON.h */ = {isa = PBXFileReference; fileEncoding = 4; lastKnownFileType = sourcecode.c.h; name = "NSObject+SBJSON.h"; path = "Classes/NSObject+SBJSON.h"; sourceTree = SOURCE_ROOT; };
		72D7843F14220F23009B96E5 /* NSObject+SBJSON.m */ = {isa = PBXFileReference; fileEncoding = 4; lastKnownFileType = sourcecode.c.objc; name = "NSObject+SBJSON.m"; path = "Classes/NSObject+SBJSON.m"; sourceTree = SOURCE_ROOT; };
		72D7844014220F23009B96E5 /* NSString+SBJSON.h */ = {isa = PBXFileReference; fileEncoding = 4; lastKnownFileType = sourcecode.c.h; name = "NSString+SBJSON.h"; path = "Classes/NSString+SBJSON.h"; sourceTree = SOURCE_ROOT; };
		72D7844114220F23009B96E5 /* NSString+SBJSON.m */ = {isa = PBXFileReference; fileEncoding = 4; lastKnownFileType = sourcecode.c.objc; name = "NSString+SBJSON.m"; path = "Classes/NSString+SBJSON.m"; sourceTree = SOURCE_ROOT; };
		72D7844214220F23009B96E5 /* SBJSON.h */ = {isa = PBXFileReference; fileEncoding = 4; lastKnownFileType = sourcecode.c.h; name = SBJSON.h; path = Classes/SBJSON.h; sourceTree = SOURCE_ROOT; };
		72D7844314220F23009B96E5 /* SBJSON.m */ = {isa = PBXFileReference; fileEncoding = 4; lastKnownFileType = sourcecode.c.objc; name = SBJSON.m; path = Classes/SBJSON.m; sourceTree = SOURCE_ROOT; };
		72D7844414220F23009B96E5 /* SBJsonBase.h */ = {isa = PBXFileReference; fileEncoding = 4; lastKnownFileType = sourcecode.c.h; name = SBJsonBase.h; path = Classes/SBJsonBase.h; sourceTree = SOURCE_ROOT; };
		72D7844514220F23009B96E5 /* SBJsonBase.m */ = {isa = PBXFileReference; fileEncoding = 4; lastKnownFileType = sourcecode.c.objc; name = SBJsonBase.m; path = Classes/SBJsonBase.m; sourceTree = SOURCE_ROOT; };
		72D7844614220F23009B96E5 /* SBJsonParser.h */ = {isa = PBXFileReference; fileEncoding = 4; lastKnownFileType = sourcecode.c.h; name = SBJsonParser.h; path = Classes/SBJsonParser.h; sourceTree = SOURCE_ROOT; };
		72D7844714220F23009B96E5 /* SBJsonParser.m */ = {isa = PBXFileReference; fileEncoding = 4; lastKnownFileType = sourcecode.c.objc; name = SBJsonParser.m; path = Classes/SBJsonParser.m; sourceTree = SOURCE_ROOT; };
		72D7844814220F23009B96E5 /* SBJsonWriter.h */ = {isa = PBXFileReference; fileEncoding = 4; lastKnownFileType = sourcecode.c.h; name = SBJsonWriter.h; path = Classes/SBJsonWriter.h; sourceTree = SOURCE_ROOT; };
		72D7844914220F23009B96E5 /* SBJsonWriter.m */ = {isa = PBXFileReference; fileEncoding = 4; lastKnownFileType = sourcecode.c.objc; name = SBJsonWriter.m; path = Classes/SBJsonWriter.m; sourceTree = SOURCE_ROOT; };
		72D7845814220F8F009B96E5 /* UICGDirections.h */ = {isa = PBXFileReference; fileEncoding = 4; lastKnownFileType = sourcecode.c.h; name = UICGDirections.h; path = Classes/UICGDirections.h; sourceTree = SOURCE_ROOT; };
		72D7845914220F8F009B96E5 /* UICGDirections.m */ = {isa = PBXFileReference; fileEncoding = 4; lastKnownFileType = sourcecode.c.objc; name = UICGDirections.m; path = Classes/UICGDirections.m; sourceTree = SOURCE_ROOT; };
		72D7845A14220F8F009B96E5 /* UICGDirectionsOptions.h */ = {isa = PBXFileReference; fileEncoding = 4; lastKnownFileType = sourcecode.c.h; name = UICGDirectionsOptions.h; path = Classes/UICGDirectionsOptions.h; sourceTree = SOURCE_ROOT; };
		72D7845B14220F8F009B96E5 /* UICGDirectionsOptions.m */ = {isa = PBXFileReference; fileEncoding = 4; lastKnownFileType = sourcecode.c.objc; name = UICGDirectionsOptions.m; path = Classes/UICGDirectionsOptions.m; sourceTree = SOURCE_ROOT; };
		72D7845C14220F8F009B96E5 /* UICGoogleMapsAPI.h */ = {isa = PBXFileReference; fileEncoding = 4; lastKnownFileType = sourcecode.c.h; name = UICGoogleMapsAPI.h; path = Classes/UICGoogleMapsAPI.h; sourceTree = SOURCE_ROOT; };
		72D7845D14220F8F009B96E5 /* UICGoogleMapsAPI.m */ = {isa = PBXFileReference; fileEncoding = 4; lastKnownFileType = sourcecode.c.objc; name = UICGoogleMapsAPI.m; path = Classes/UICGoogleMapsAPI.m; sourceTree = SOURCE_ROOT; };
		72D7845E14220F8F009B96E5 /* UICGPolyline.h */ = {isa = PBXFileReference; fileEncoding = 4; lastKnownFileType = sourcecode.c.h; name = UICGPolyline.h; path = Classes/UICGPolyline.h; sourceTree = SOURCE_ROOT; };
		72D7845F14220F8F009B96E5 /* UICGPolyline.m */ = {isa = PBXFileReference; fileEncoding = 4; lastKnownFileType = sourcecode.c.objc; name = UICGPolyline.m; path = Classes/UICGPolyline.m; sourceTree = SOURCE_ROOT; };
		72D7846014220F8F009B96E5 /* UICGRoute.h */ = {isa = PBXFileReference; fileEncoding = 4; lastKnownFileType = sourcecode.c.h; name = UICGRoute.h; path = Classes/UICGRoute.h; sourceTree = SOURCE_ROOT; };
		72D7846114220F8F009B96E5 /* UICGRoute.m */ = {isa = PBXFileReference; fileEncoding = 4; lastKnownFileType = sourcecode.c.objc; name = UICGRoute.m; path = Classes/UICGRoute.m; sourceTree = SOURCE_ROOT; };
		72D784A214221087009B96E5 /* CoreLocation.framework */ = {isa = PBXFileReference; lastKnownFileType = wrapper.framework; name = CoreLocation.framework; path = System/Library/Frameworks/CoreLocation.framework; sourceTree = SDKROOT; };
		72D784A41422108F009B96E5 /* MapKit.framework */ = {isa = PBXFileReference; lastKnownFileType = wrapper.framework; name = MapKit.framework; path = System/Library/Frameworks/MapKit.framework; sourceTree = SDKROOT; };
		72D784DB14221280009B96E5 /* MapViewController.h */ = {isa = PBXFileReference; fileEncoding = 4; lastKnownFileType = sourcecode.c.h; path = MapViewController.h; sourceTree = "<group>"; };
		72D784DC14221280009B96E5 /* MapViewController.m */ = {isa = PBXFileReference; fileEncoding = 4; lastKnownFileType = sourcecode.c.objc; path = MapViewController.m; sourceTree = "<group>"; };
		72D784DD14221280009B96E5 /* MapViewController.xib */ = {isa = PBXFileReference; lastKnownFileType = file.xib; name = MapViewController.xib; path = Classes/MapViewController.xib; sourceTree = "<group>"; };
		72D7851214221574009B96E5 /* MapView.h */ = {isa = PBXFileReference; fileEncoding = 4; lastKnownFileType = sourcecode.c.h; path = MapView.h; sourceTree = "<group>"; };
		72D7851314221574009B96E5 /* MapView.m */ = {isa = PBXFileReference; fileEncoding = 4; lastKnownFileType = sourcecode.c.objc; path = MapView.m; sourceTree = "<group>"; };
		72D7853814221803009B96E5 /* City.h */ = {isa = PBXFileReference; fileEncoding = 4; lastKnownFileType = sourcecode.c.h; path = City.h; sourceTree = "<group>"; };
		72D7853914221803009B96E5 /* City.m */ = {isa = PBXFileReference; fileEncoding = 4; lastKnownFileType = sourcecode.c.objc; path = City.m; sourceTree = "<group>"; };
		72D7862D142222AA009B96E5 /* api.html */ = {isa = PBXFileReference; fileEncoding = 4; lastKnownFileType = text.html; path = api.html; sourceTree = "<group>"; };
		72D787BE14223C66009B96E5 /* iCon.png */ = {isa = PBXFileReference; lastKnownFileType = image.png; path = iCon.png; sourceTree = "<group>"; };
		8D1107310486CEB800E47090 /* SBMapWithRoute-Info.plist */ = {isa = PBXFileReference; fileEncoding = 4; lastKnownFileType = text.plist.xml; path = "SBMapWithRoute-Info.plist"; plistStructureDefinitionIdentifier = "com.apple.xcode.plist.structure-definition.iphone.info-plist"; sourceTree = "<group>"; };
/* End PBXFileReference section */

/* Begin PBXFrameworksBuildPhase section */
		1D60588F0D05DD3D006BFB54 /* Frameworks */ = {
			isa = PBXFrameworksBuildPhase;
			buildActionMask = 2147483647;
			files = (
				1D60589F0D05DD5A006BFB54 /* Foundation.framework in Frameworks */,
				1DF5F4E00D08C38300B7A737 /* UIKit.framework in Frameworks */,
				288765A50DF7441C002DB57D /* CoreGraphics.framework in Frameworks */,
				72D784A314221087009B96E5 /* CoreLocation.framework in Frameworks */,
				72D784A51422108F009B96E5 /* MapKit.framework in Frameworks */,
			);
			runOnlyForDeploymentPostprocessing = 0;
		};
/* End PBXFrameworksBuildPhase section */

/* Begin PBXGroup section */
		080E96DDFE201D6D7F000001 /* Classes */ = {
			isa = PBXGroup;
			children = (
				48821797162F275600811368 /* API */,
				72D787A714223992009B96E5 /* App Delegate */,
				72D784C3142210BC009B96E5 /* Controller */,
				72D784C2142210B3009B96E5 /* View */,
				72D784C1142210A9009B96E5 /* Model */,
			);
			path = Classes;
			sourceTree = "<group>";
		};
		146BBF90160DE410004CCE02 /* GCRetractableSectionController */ = {
			isa = PBXGroup;
			children = (
				146BBF91160DE410004CCE02 /* GCRetractableSectionController.h */,
				146BBF92160DE410004CCE02 /* GCRetractableSectionController.m */,
				146BBF93160DE410004CCE02 /* Images */,
			);
			path = GCRetractableSectionController;
			sourceTree = "<group>";
		};
		146BBF93160DE410004CCE02 /* Images */ = {
			isa = PBXGroup;
			children = (
				146BBF94160DE410004CCE02 /* DownAccessory.png */,
				146BBF95160DE410004CCE02 /* DownAccessory@2x.png */,
				146BBF96160DE410004CCE02 /* DownAccessoryWhite.png */,
				146BBF97160DE410004CCE02 /* DownAccessoryWhite@2x.png */,
				146BBF98160DE410004CCE02 /* UpAccessory.png */,
				146BBF99160DE410004CCE02 /* UpAccessory@2x.png */,
				146BBF9A160DE410004CCE02 /* UpAccessoryWhite.png */,
				146BBF9B160DE410004CCE02 /* UpAccessoryWhite@2x.png */,
			);
			path = Images;
			sourceTree = "<group>";
		};
		146BBFAC160DFD09004CCE02 /* Retractable */ = {
			isa = PBXGroup;
			children = (
				146BBFB5160DFD68004CCE02 /* GCCustomSectionController.m */,
				146BBFB6160DFD68004CCE02 /* GCSimpleSectionController.m */,
				146BBFAD160DFD5E004CCE02 /* GCArraySectionController.h */,
				146BBFAE160DFD5E004CCE02 /* GCArraySectionController.m */,
				146BBFAF160DFD5E004CCE02 /* GCCustomSectionController.h */,
				146BBFB0160DFD5E004CCE02 /* GCEmptySectionController.h */,
				146BBFB1160DFD5E004CCE02 /* GCEmptySectionController.m */,
				146BBFB2160DFD5E004CCE02 /* GCSimpleSectionController.h */,
			);
			name = Retractable;
			sourceTree = "<group>";
		};
		19C28FACFE9D520D11CA2CBB /* Products */ = {
			isa = PBXGroup;
			children = (
				1D6058910D05DD3D006BFB54 /* SBMapWithRoute.app */,
			);
			name = Products;
			sourceTree = "<group>";
		};
		29B97314FDCFA39411CA2CEA /* CustomTemplate */ = {
			isa = PBXGroup;
			children = (
				141F6697160E3B54002BBCCC /* routs.plist */,
				141F6699160E3BBD002BBCCC /* fells_loop.gpx */,
				72237E371429B53100257B9A /* Third Party */,
				080E96DDFE201D6D7F000001 /* Classes */,
				29B97315FDCFA39411CA2CEA /* Other Sources */,
				29B97317FDCFA39411CA2CEA /* Resources */,
				29B97323FDCFA39411CA2CEA /* Frameworks */,
				19C28FACFE9D520D11CA2CBB /* Products */,
			);
			name = CustomTemplate;
			sourceTree = "<group>";
		};
		29B97315FDCFA39411CA2CEA /* Other Sources */ = {
			isa = PBXGroup;
			children = (
				32CA4F630368D1EE00C91783 /* SBMapWithRoute_Prefix.pch */,
				29B97316FDCFA39411CA2CEA /* main.m */,
			);
			name = "Other Sources";
			sourceTree = "<group>";
		};
		29B97317FDCFA39411CA2CEA /* Resources */ = {
			isa = PBXGroup;
			children = (
				5E53A270160E8E7900AFAAE9 /* images */,
				5E53A27B160E8E7900AFAAE9 /* mainPage@2x.png */,
				5E53A27C160E8E7900AFAAE9 /* detailRoute@2x.png */,
				5E53A27D160E8E7900AFAAE9 /* mainBg@2x.png */,
				5E53A27E160E8E7900AFAAE9 /* Defaut@2x.png */,
				72D787A9142239E9009B96E5 /* Others */,
				72D787A8142239D4009B96E5 /* Xib */,
			);
			name = Resources;
			sourceTree = "<group>";
		};
		29B97323FDCFA39411CA2CEA /* Frameworks */ = {
			isa = PBXGroup;
			children = (
				1DF5F4DF0D08C38300B7A737 /* UIKit.framework */,
				1D30AB110D05D00D00671497 /* Foundation.framework */,
				288765A40DF7441C002DB57D /* CoreGraphics.framework */,
				72D784A214221087009B96E5 /* CoreLocation.framework */,
				72D784A41422108F009B96E5 /* MapKit.framework */,
			);
			name = Frameworks;
			sourceTree = "<group>";
		};
		48821797162F275600811368 /* API */ = {
			isa = PBXGroup;
			children = (
				48821799162F278000811368 /* SofiaGoAPI.h */,
				4882179A162F278000811368 /* SofiaGoAPI.m */,
				48C458B7163832CC008DBB3F /* SGStation.h */,
				48C458B8163832CC008DBB3F /* SGStation.m */,
				48C458BB16383560008DBB3F /* SGLine.h */,
				48C458BC16383560008DBB3F /* SGLine.m */,
			);
			name = API;
			sourceTree = "<group>";
		};
		5E53A270160E8E7900AFAAE9 /* images */ = {
			isa = PBXGroup;
			children = (
				5E53A271160E8E7900AFAAE9 /* back@x2.png */,
				5E53A272160E8E7900AFAAE9 /* go@2x.png */,
				5E53A273160E8E7900AFAAE9 /* go_high@2x.png */,
				5E53A274160E8E7900AFAAE9 /* logo@2x.png */,
				5E53A275160E8E7900AFAAE9 /* pin-button.png */,
				5E53A276160E8E7900AFAAE9 /* position1@2x.png */,
				5E53A277160E8E7900AFAAE9 /* position1_high@2x.png */,
				5E53A278160E8E7900AFAAE9 /* position2@2x.png */,
				5E53A279160E8E7900AFAAE9 /* position2_high@2x.png */,
				5E53A27A160E8E7900AFAAE9 /* ViewMap@2x.png */,
			);
			name = images;
			path = Resources/images;
			sourceTree = "<group>";
		};
		72237DF31429B1EF00257B9A /* City */ = {
			isa = PBXGroup;
			children = (
				72D7853814221803009B96E5 /* City.h */,
				72D7853914221803009B96E5 /* City.m */,
			);
			name = City;
			sourceTree = "<group>";
		};
		72237DF41429B1F900257B9A /* RouteAnnotations */ = {
			isa = PBXGroup;
			children = (
				72237DF51429B23200257B9A /* MapAnnotation.h */,
				72237DF61429B23200257B9A /* MapAnnotation.m */,
			);
			name = RouteAnnotations;
			sourceTree = "<group>";
		};
		72237E371429B53100257B9A /* Third Party */ = {
			isa = PBXGroup;
			children = (
				146BBF90160DE410004CCE02 /* GCRetractableSectionController */,
				72D7843214220EAC009B96E5 /* JSON */,
				72D7843414220ECC009B96E5 /* Google Map API */,
			);
			name = "Third Party";
			sourceTree = "<group>";
		};
		7292F9851434356400EE2EAD /* MapView */ = {
			isa = PBXGroup;
			children = (
				72D7851214221574009B96E5 /* MapView.h */,
				72D7851314221574009B96E5 /* MapView.m */,
			);
			name = MapView;
			sourceTree = "<group>";
		};
		72D7843214220EAC009B96E5 /* JSON */ = {
			isa = PBXGroup;
			children = (
				72D7843D14220F23009B96E5 /* JSON.h */,
				72D7843E14220F23009B96E5 /* NSObject+SBJSON.h */,
				72D7843F14220F23009B96E5 /* NSObject+SBJSON.m */,
				72D7844014220F23009B96E5 /* NSString+SBJSON.h */,
				72D7844114220F23009B96E5 /* NSString+SBJSON.m */,
				72D7844214220F23009B96E5 /* SBJSON.h */,
				72D7844314220F23009B96E5 /* SBJSON.m */,
				72D7844414220F23009B96E5 /* SBJsonBase.h */,
				72D7844514220F23009B96E5 /* SBJsonBase.m */,
				72D7844614220F23009B96E5 /* SBJsonParser.h */,
				72D7844714220F23009B96E5 /* SBJsonParser.m */,
				72D7844814220F23009B96E5 /* SBJsonWriter.h */,
				72D7844914220F23009B96E5 /* SBJsonWriter.m */,
			);
			name = JSON;
			path = Classes;
			sourceTree = "<group>";
		};
		72D7843414220ECC009B96E5 /* Google Map API */ = {
			isa = PBXGroup;
			children = (
				727C7C3B14334E2D00A5E466 /* JSONKit.h */,
				727C7C3C14334E2D00A5E466 /* JSONKit.m */,
				72D7845814220F8F009B96E5 /* UICGDirections.h */,
				72D7845914220F8F009B96E5 /* UICGDirections.m */,
				72D7845A14220F8F009B96E5 /* UICGDirectionsOptions.h */,
				72D7845B14220F8F009B96E5 /* UICGDirectionsOptions.m */,
				72D7845C14220F8F009B96E5 /* UICGoogleMapsAPI.h */,
				72D7845D14220F8F009B96E5 /* UICGoogleMapsAPI.m */,
				72D7845E14220F8F009B96E5 /* UICGPolyline.h */,
				72D7845F14220F8F009B96E5 /* UICGPolyline.m */,
				72D7846014220F8F009B96E5 /* UICGRoute.h */,
				72D7846114220F8F009B96E5 /* UICGRoute.m */,
				727E1F33142B04F00048DE8D /* UICGCheckPoint.h */,
				727E1F34142B04F00048DE8D /* UICGCheckPoint.m */,
				72AA5C2F1431A90B00301788 /* UICGRoutes.h */,
				72AA5C301431A90B00301788 /* UICGRoutes.m */,
			);
			name = "Google Map API";
			path = Classes;
			sourceTree = "<group>";
		};
		72D784C1142210A9009B96E5 /* Model */ = {
			isa = PBXGroup;
			children = (
				72237DF41429B1F900257B9A /* RouteAnnotations */,
				72237DF31429B1EF00257B9A /* City */,
			);
			name = Model;
			sourceTree = "<group>";
		};
		72D784C2142210B3009B96E5 /* View */ = {
			isa = PBXGroup;
			children = (
				146BBFA9160DFBB8004CCE02 /* ResultViewController.xib */,
				7292F9851434356400EE2EAD /* MapView */,
			);
			name = View;
			sourceTree = "<group>";
		};
		72D784C3142210BC009B96E5 /* Controller */ = {
			isa = PBXGroup;
			children = (
				146BBFAC160DFD09004CCE02 /* Retractable */,
				72D788A6142310A3009B96E5 /* Main Controller */,
			);
			name = Controller;
			sourceTree = "<group>";
		};
		72D787A714223992009B96E5 /* App Delegate */ = {
			isa = PBXGroup;
			children = (
				1D3623240D0F684500981E51 /* MapAppDelegate.h */,
				5E3FE2421613A75100B2FECE /* Consts.h */,
				1D3623250D0F684500981E51 /* MapAppDelegate.m */,
				5E53A298160EA87A00AFAAE9 /* StorageObject.h */,
				5E53A28E160EA4B300AFAAE9 /* StorageObject.m */,
			);
			name = "App Delegate";
			sourceTree = "<group>";
		};
		72D787A8142239D4009B96E5 /* Xib */ = {
			isa = PBXGroup;
			children = (
				2899E5210DE3E06400AC0155 /* RouteViewController.xib */,
				5E53A268160E747500AFAAE9 /* ChooseOptionVC.xib */,
				72D784DD14221280009B96E5 /* MapViewController.xib */,
				5E53A29B160EAAE300AFAAE9 /* DetailsVC.xib */,
				727C7ABC143323EE00A5E466 /* SBCheckPoints.xib */,
			);
			name = Xib;
			sourceTree = "<group>";
		};
		72D787A9142239E9009B96E5 /* Others */ = {
			isa = PBXGroup;
			children = (
				72D787BE14223C66009B96E5 /* iCon.png */,
				72D7862D142222AA009B96E5 /* api.html */,
				8D1107310486CEB800E47090 /* SBMapWithRoute-Info.plist */,
			);
			name = Others;
			sourceTree = "<group>";
		};
		72D788A6142310A3009B96E5 /* Main Controller */ = {
			isa = PBXGroup;
			children = (
				28D7ACF60DDB3853001CB0EB /* RouteViewController.h */,
				28D7ACF70DDB3853001CB0EB /* RouteViewController.m */,
				5E53A266160E747500AFAAE9 /* ChooseOptionVC.h */,
				5E53A267160E747500AFAAE9 /* ChooseOptionVC.m */,
				72D784DB14221280009B96E5 /* MapViewController.h */,
				72D784DC14221280009B96E5 /* MapViewController.m */,
				5E53A299160EAAE300AFAAE9 /* DetailsVC.h */,
				5E53A29A160EAAE300AFAAE9 /* DetailcVC.m */,
				727C7ABA143323EE00A5E466 /* CheckPointViewController.h */,
				727C7ABB143323EE00A5E466 /* CheckPointViewController.m */,
				146BBF8A160DE148004CCE02 /* ResultViewController.h */,
				146BBF8B160DE148004CCE02 /* ResultViewController.m */,
			);
			name = "Main Controller";
			sourceTree = "<group>";
		};
/* End PBXGroup section */

/* Begin PBXNativeTarget section */
		1D6058900D05DD3D006BFB54 /* SBMapWithRoute */ = {
			isa = PBXNativeTarget;
			buildConfigurationList = 1D6058960D05DD3E006BFB54 /* Build configuration list for PBXNativeTarget "SBMapWithRoute" */;
			buildPhases = (
				1D60588D0D05DD3D006BFB54 /* Resources */,
				1D60588E0D05DD3D006BFB54 /* Sources */,
				1D60588F0D05DD3D006BFB54 /* Frameworks */,
			);
			buildRules = (
			);
			dependencies = (
			);
			name = SBMapWithRoute;
			productName = SBMapWithRoute;
			productReference = 1D6058910D05DD3D006BFB54 /* SBMapWithRoute.app */;
			productType = "com.apple.product-type.application";
		};
/* End PBXNativeTarget section */

/* Begin PBXProject section */
		29B97313FDCFA39411CA2CEA /* Project object */ = {
			isa = PBXProject;
			buildConfigurationList = C01FCF4E08A954540054247B /* Build configuration list for PBXProject "SBMapWithRoute" */;
			compatibilityVersion = "Xcode 3.1";
			developmentRegion = English;
			hasScannedForEncodings = 1;
			knownRegions = (
				English,
				Japanese,
				French,
				German,
			);
			mainGroup = 29B97314FDCFA39411CA2CEA /* CustomTemplate */;
			projectDirPath = "";
			projectRoot = "";
			targets = (
				1D6058900D05DD3D006BFB54 /* SBMapWithRoute */,
			);
		};
/* End PBXProject section */

/* Begin PBXResourcesBuildPhase section */
		1D60588D0D05DD3D006BFB54 /* Resources */ = {
			isa = PBXResourcesBuildPhase;
			buildActionMask = 2147483647;
			files = (
				2899E5220DE3E06400AC0155 /* RouteViewController.xib in Resources */,
				72D784DF14221280009B96E5 /* MapViewController.xib in Resources */,
				72D7862E142222AA009B96E5 /* api.html in Resources */,
				72D787BF14223C66009B96E5 /* iCon.png in Resources */,
				727C7ABE143323EE00A5E466 /* SBCheckPoints.xib in Resources */,
				146BBF9D160DE410004CCE02 /* DownAccessory.png in Resources */,
				146BBF9E160DE410004CCE02 /* DownAccessory@2x.png in Resources */,
				146BBF9F160DE410004CCE02 /* DownAccessoryWhite.png in Resources */,
				146BBFA0160DE410004CCE02 /* DownAccessoryWhite@2x.png in Resources */,
				146BBFA1160DE410004CCE02 /* UpAccessory.png in Resources */,
				146BBFA2160DE410004CCE02 /* UpAccessory@2x.png in Resources */,
				146BBFA3160DE410004CCE02 /* UpAccessoryWhite.png in Resources */,
				146BBFA4160DE410004CCE02 /* UpAccessoryWhite@2x.png in Resources */,
				146BBFAA160DFBB8004CCE02 /* ResultViewController.xib in Resources */,
				141F6698160E3B54002BBCCC /* routs.plist in Resources */,
				141F669A160E3BBD002BBCCC /* fells_loop.gpx in Resources */,
				5E53A26A160E747500AFAAE9 /* ChooseOptionVC.xib in Resources */,
				5E53A27F160E8E7900AFAAE9 /* back@x2.png in Resources */,
				5E53A280160E8E7900AFAAE9 /* go@2x.png in Resources */,
				5E53A281160E8E7900AFAAE9 /* go_high@2x.png in Resources */,
				5E53A282160E8E7900AFAAE9 /* logo@2x.png in Resources */,
				5E53A283160E8E7900AFAAE9 /* pin-button.png in Resources */,
				5E53A284160E8E7900AFAAE9 /* position1@2x.png in Resources */,
				5E53A285160E8E7900AFAAE9 /* position1_high@2x.png in Resources */,
				5E53A286160E8E7900AFAAE9 /* position2@2x.png in Resources */,
				5E53A287160E8E7900AFAAE9 /* position2_high@2x.png in Resources */,
				5E53A288160E8E7900AFAAE9 /* ViewMap@2x.png in Resources */,
				5E53A289160E8E7900AFAAE9 /* mainPage@2x.png in Resources */,
				5E53A28A160E8E7900AFAAE9 /* detailRoute@2x.png in Resources */,
				5E53A28B160E8E7900AFAAE9 /* mainBg@2x.png in Resources */,
				5E53A28C160E8E7900AFAAE9 /* Defaut@2x.png in Resources */,
				5E53A29D160EAAE300AFAAE9 /* DetailsVC.xib in Resources */,
			);
			runOnlyForDeploymentPostprocessing = 0;
		};
/* End PBXResourcesBuildPhase section */

/* Begin PBXSourcesBuildPhase section */
		1D60588E0D05DD3D006BFB54 /* Sources */ = {
			isa = PBXSourcesBuildPhase;
			buildActionMask = 2147483647;
			files = (
				1D60589B0D05DD56006BFB54 /* main.m in Sources */,
				1D3623260D0F684500981E51 /* MapAppDelegate.m in Sources */,
				28D7ACF80DDB3853001CB0EB /* RouteViewController.m in Sources */,
				72D7844A14220F23009B96E5 /* NSObject+SBJSON.m in Sources */,
				72D7844B14220F23009B96E5 /* NSString+SBJSON.m in Sources */,
				72D7844C14220F23009B96E5 /* SBJSON.m in Sources */,
				72D7844D14220F23009B96E5 /* SBJsonBase.m in Sources */,
				72D7844E14220F23009B96E5 /* SBJsonParser.m in Sources */,
				72D7844F14220F23009B96E5 /* SBJsonWriter.m in Sources */,
				72D7846514220F8F009B96E5 /* UICGDirections.m in Sources */,
				72D7846614220F8F009B96E5 /* UICGDirectionsOptions.m in Sources */,
				72D7846714220F8F009B96E5 /* UICGoogleMapsAPI.m in Sources */,
				72D7846814220F8F009B96E5 /* UICGPolyline.m in Sources */,
				72D7846914220F8F009B96E5 /* UICGRoute.m in Sources */,
				72D784DE14221280009B96E5 /* MapViewController.m in Sources */,
				72D7851414221574009B96E5 /* MapView.m in Sources */,
				72D7853A14221803009B96E5 /* City.m in Sources */,
				72237DF71429B23200257B9A /* MapAnnotation.m in Sources */,
				727E1F35142B04F00048DE8D /* UICGCheckPoint.m in Sources */,
				72AA5C311431A90B00301788 /* UICGRoutes.m in Sources */,
				727C7ABD143323EE00A5E466 /* CheckPointViewController.m in Sources */,
				727C7C3D14334E2D00A5E466 /* JSONKit.m in Sources */,
				146BBF8D160DE149004CCE02 /* ResultViewController.m in Sources */,
				146BBF9C160DE410004CCE02 /* GCRetractableSectionController.m in Sources */,
				146BBFB3160DFD5E004CCE02 /* GCArraySectionController.m in Sources */,
				146BBFB4160DFD5E004CCE02 /* GCEmptySectionController.m in Sources */,
				146BBFB7160DFD68004CCE02 /* GCCustomSectionController.m in Sources */,
				146BBFB8160DFD68004CCE02 /* GCSimpleSectionController.m in Sources */,
				5E53A269160E747500AFAAE9 /* ChooseOptionVC.m in Sources */,
				5E53A28F160EA4B300AFAAE9 /* StorageObject.m in Sources */,
				5E53A29C160EAAE300AFAAE9 /* DetailcVC.m in Sources */,
				4882179B162F278000811368 /* SofiaGoAPI.m in Sources */,
				48C458B9163832CC008DBB3F /* SGStation.m in Sources */,
				48C458BD16383560008DBB3F /* SGLine.m in Sources */,
			);
			runOnlyForDeploymentPostprocessing = 0;
		};
/* End PBXSourcesBuildPhase section */

/* Begin XCBuildConfiguration section */
		1D6058940D05DD3E006BFB54 /* Debug */ = {
			isa = XCBuildConfiguration;
			buildSettings = {
				ALWAYS_SEARCH_USER_PATHS = NO;
				CODE_SIGN_IDENTITY = "iPhone Developer";
				"CODE_SIGN_IDENTITY[sdk=iphoneos*]" = "iPhone Developer";
				COPY_PHASE_STRIP = NO;
				DEPLOYMENT_LOCATION = NO;
				DEPLOYMENT_POSTPROCESSING = NO;
				GCC_DYNAMIC_NO_PIC = NO;
				GCC_OPTIMIZATION_LEVEL = 0;
				GCC_PRECOMPILE_PREFIX_HEADER = YES;
				GCC_PREFIX_HEADER = SBMapWithRoute_Prefix.pch;
				INFOPLIST_FILE = "SBMapWithRoute-Info.plist";
				IPHONEOS_DEPLOYMENT_TARGET = 4.1;
				PRODUCT_NAME = SBMapWithRoute;
				PROVISIONING_PROFILE = "";
				"PROVISIONING_PROFILE[sdk=iphoneos*]" = "";
				SEPARATE_STRIP = NO;
			};
			name = Debug;
		};
		1D6058950D05DD3E006BFB54 /* Release */ = {
			isa = XCBuildConfiguration;
			buildSettings = {
				ALWAYS_SEARCH_USER_PATHS = NO;
				CODE_SIGN_IDENTITY = "iPhone Developer";
				"CODE_SIGN_IDENTITY[sdk=iphoneos*]" = "iPhone Developer";
				COPY_PHASE_STRIP = YES;
				GCC_PRECOMPILE_PREFIX_HEADER = YES;
				GCC_PREFIX_HEADER = SBMapWithRoute_Prefix.pch;
				INFOPLIST_FILE = "SBMapWithRoute-Info.plist";
				IPHONEOS_DEPLOYMENT_TARGET = 4.1;
				PRODUCT_NAME = SBMapWithRoute;
				PROVISIONING_PROFILE = "";
				"PROVISIONING_PROFILE[sdk=iphoneos*]" = "";
				VALIDATE_PRODUCT = YES;
			};
			name = Release;
		};
		C01FCF4F08A954540054247B /* Debug */ = {
			isa = XCBuildConfiguration;
			buildSettings = {
				ARCHS = "$(ARCHS_STANDARD_32_BIT)";
				CODE_SIGN_IDENTITY = "iPhone Developer: Rohit Singal (UGQKS7R3ZE)";
				"CODE_SIGN_IDENTITY[sdk=iphoneos*]" = "iPhone Developer: Rohit Singal (UGQKS7R3ZE)";
				GCC_C_LANGUAGE_STANDARD = c99;
				GCC_WARN_ABOUT_RETURN_TYPE = YES;
				GCC_WARN_UNUSED_VARIABLE = YES;
				IPHONEOS_DEPLOYMENT_TARGET = 4.1;
				PREBINDING = NO;
				PROVISIONING_PROFILE = "A0A3F61A-0AA9-4286-96D3-36FC4FF2E469";
				"PROVISIONING_PROFILE[sdk=iphoneos*]" = "A0A3F61A-0AA9-4286-96D3-36FC4FF2E469";
				SDKROOT = iphoneos;
			};
			name = Debug;
		};
		C01FCF5008A954540054247B /* Release */ = {
			isa = XCBuildConfiguration;
			buildSettings = {
				ARCHS = "$(ARCHS_STANDARD_32_BIT)";
				CODE_SIGN_IDENTITY = "iPhone Developer: Rohit Singal (UGQKS7R3ZE)";
				"CODE_SIGN_IDENTITY[sdk=iphoneos*]" = "iPhone Developer: Rohit Singal (UGQKS7R3ZE)";
				GCC_C_LANGUAGE_STANDARD = c99;
				GCC_WARN_ABOUT_RETURN_TYPE = YES;
				GCC_WARN_UNUSED_VARIABLE = YES;
				IPHONEOS_DEPLOYMENT_TARGET = 4.1;
				OTHER_CFLAGS = "-DNS_BLOCK_ASSERTIONS=1";
				PREBINDING = NO;
				PROVISIONING_PROFILE = "A0A3F61A-0AA9-4286-96D3-36FC4FF2E469";
				"PROVISIONING_PROFILE[sdk=iphoneos*]" = "A0A3F61A-0AA9-4286-96D3-36FC4FF2E469";
				SDKROOT = iphoneos;
			};
			name = Release;
		};
/* End XCBuildConfiguration section */

/* Begin XCConfigurationList section */
		1D6058960D05DD3E006BFB54 /* Build configuration list for PBXNativeTarget "SBMapWithRoute" */ = {
			isa = XCConfigurationList;
			buildConfigurations = (
				1D6058940D05DD3E006BFB54 /* Debug */,
				1D6058950D05DD3E006BFB54 /* Release */,
			);
			defaultConfigurationIsVisible = 0;
			defaultConfigurationName = Release;
		};
		C01FCF4E08A954540054247B /* Build configuration list for PBXProject "SBMapWithRoute" */ = {
			isa = XCConfigurationList;
			buildConfigurations = (
				C01FCF4F08A954540054247B /* Debug */,
				C01FCF5008A954540054247B /* Release */,
			);
			defaultConfigurationIsVisible = 0;
			defaultConfigurationName = Release;
		};
/* End XCConfigurationList section */
	};
	rootObject = 29B97313FDCFA39411CA2CEA /* Project object */;
}
